lockfileVersion: '9.0'

settings:
  autoInstallPeers: true
  excludeLinksFromLockfile: false

importers:

  .:
    dependencies:
      posthog-js:
        specifier: 1.421.0
        version: 1.421.0

packages:

  '@posthog/browser-common@0.6.2':
    resolution: {integrity: sha512-AZRETXzMXoCqNLGftKN7wtyhI+Da8y3WSYLrVzCyd7CSA2pIas1OjT4wsO3ncvX+Ezg0FJw5iSr84VtyVUcZ0g==}

  '@posthog/core@1.50.0':
    resolution: {integrity: sha512-25SnQycZbqqLodQs+GaDPGDC1oxT8+XOSGlyhiS2rtdVON9Opg2hmfJ/fpFNgMBL7YDi0rpvJiR/fudy96W4pA==}

  '@posthog/types@1.407.1':
    resolution: {integrity: sha512-WhbkXPC2rgylXqmxHqv70ffI3k+KxyR6s7DBIfr5NvIqHkxp6v0pk31D/jbz0DNVbzwkLjyll2pxr4FNbJiYzg==}

  '@types/trusted-types@2.0.7':
    resolution: {integrity: sha512-ScaPdn1dQczgbl0QFTeTOmVHFULt394XJgOQNoyVhZ6r2vLnMLJfBPd53SB52T/3G36VI1/g2MZaX0cwDuXsfw==}

  core-js@3.50.0:
    resolution: {integrity: sha512-BRWgOLKkFeCgRudR6zrs8p9XJZcE14grzKMMssoYrk6krtuEZ7MTKPIY5RzOnqsEKIR9kst7wNzphttraT+Yqw==}

  dompurify@3.4.14:
    resolution: {integrity: sha512-dVoH9z+MY+C9IilgGCk3YfFqjLi3fChm2OiKJMzh6axrJ5qwxqWaZamgmHrpv22CN/KdbZJuGEGgfQoL00LTdg==}

  fflate@0.4.9:
    resolution: {integrity: sha512-zdxgIEddhfsyCaWpJ2SdXEP8ZMrKJ6+5jl4OupODcywU0IhRk6gdXuVGcPICyfx2H97hVK7xmJtRLPjkxAX8Vw==}

  posthog-js@1.421.0:
    resolution: {integrity: sha512-MXXVvAphK7rXg8bPGTBHWG/I5784wMyRev6sjjQPRXLoMy3JJcvaZuBHrlLqNLCw8r6YtD12ubNBo/2ZdaElIQ==}
    peerDependencies:
      '@types/react': '>=16.8.0'
      react: '>=16.8.0'
    peerDependenciesMeta:
      '@types/react':
        optional: true
      react:
        optional: true

  preact@10.29.8:
    resolution: {integrity: sha512-ej2aVZ+vZ8WO7tvlQWRM9N63A0KzF9q4mWJfDUHgYaIofWY9hu74QdnQrjoPMmZi2/nZ5gN0bJCQF49xQqx09Q==}
    peerDependencies:
      preact-render-to-string: '>=5'
    peerDependenciesMeta:
      preact-render-to-string:
        optional: true

  query-selector-shadow-dom@1.0.1:
    resolution: {integrity: sha512-lT5yCqEBgfoMYpf3F2xQRK7zEr1rhIIZuceDK6+xRkJQ4NMbHTwXqk4NkwDwQMNqXgG9r9fyHnzwNVs6zV5KRw==}

  web-vitals@5.3.0:
    resolution: {integrity: sha512-q6LWsLatGYZp5VGBIOvbTj6JBV2nOmC8KvWztXBmwJcfFAzhwKwbOxhUH306XY3CcaZDUlSmSuNPBsCn0bFu+g==}

  web-vitals@6.0.0:
    resolution: {integrity: sha512-Guaibvy/+uNtL6Bsu4jmMJGzuSl91oeRH5iO9pPRbYftnFUr3yqT1TUNX/OE4o9HexuEMU3Kb/Wg7iKhlffZUA==}

snapshots:

  '@posthog/browser-common@0.6.2':
    dependencies:
      '@posthog/core': 1.50.0
      '@posthog/types': 1.407.1

  '@posthog/core@1.50.0':
    dependencies:
      '@posthog/types': 1.407.1

  '@posthog/types@1.407.1': {}

  '@types/trusted-types@2.0.7':
    optional: true

  core-js@3.50.0: {}

  dompurify@3.4.14:
    optionalDependencies:
      '@types/trusted-types': 2.0.7

  fflate@0.4.9: {}

  posthog-js@1.421.0:
    dependencies:
      '@posthog/browser-common': 0.6.2
      '@posthog/core': 1.50.0
      '@posthog/types': 1.407.1
      core-js: 3.50.0
      dompurify: 3.4.14
      fflate: 0.4.9
      preact: 10.29.8
      query-selector-shadow-dom: 1.0.1
      web-vitals: 5.3.0
      web-vitals-soft-navs: web-vitals@6.0.0
    transitivePeerDependencies:
      - preact-render-to-string

  preact@10.29.8: {}

  query-selector-shadow-dom@1.0.1: {}

  web-vitals@5.3.0: {}

  web-vitals@6.0.0: {}
