// !$*UTF8*$!
{
	archiveVersion = 1;
	classes = {
	};
	objectVersion = 60;
	objects = {

/* Begin PBXBuildFile section */
		7AB1000000000000000000A1 /* WhitelabelApp.swift in Sources */ = {isa = PBXBuildFile; fileRef = 7AB1000000000000000000B1 /* WhitelabelApp.swift */; };
		7AB1000000000000000000A3 /* CheckoutService.swift in Sources */ = {isa = PBXBuildFile; fileRef = 7AB1000000000000000000B3 /* CheckoutService.swift */; };
		7AB1000000000000000000A5 /* PostHog in Frameworks */ = {isa = PBXBuildFile; productRef = 7AB1000000000000000000E1 /* PostHog */; };
/* End PBXBuildFile section */

/* Begin PBXFileReference section */
		7AB1000000000000000000B0 /* Whitelabel.app */ = {isa = PBXFileReference; explicitFileType = wrapper.application; includeInIndex = 0; path = Whitelabel.app; sourceTree = BUILT_PRODUCTS_DIR; };
		7AB1000000000000000000B1 /* WhitelabelApp.swift */ = {isa = PBXFileReference; lastKnownFileType = sourcecode.swift; path = WhitelabelApp.swift; sourceTree = "<group>"; };
		7AB1000000000000000000B3 /* CheckoutService.swift */ = {isa = PBXFileReference; lastKnownFileType = sourcecode.swift; path = CheckoutService.swift; sourceTree = "<group>"; };
		7AB1000000000000000000B5 /* Info.plist */ = {isa = PBXFileReference; lastKnownFileType = text.plist.xml; path = Info.plist; sourceTree = "<group>"; };
/* End PBXFileReference section */

/* Begin PBXFrameworksBuildPhase section */
		7AB1000000000000000000C0 /* Frameworks */ = {
			isa = PBXFrameworksBuildPhase;
			buildActionMask = 2147483647;
			files = (
				7AB1000000000000000000A5 /* PostHog in Frameworks */,
			);
			runOnlyForDeploymentPostprocessing = 0;
		};
/* End PBXFrameworksBuildPhase section */

/* Begin PBXGroup section */
		7AB1000000000000000000D0 = {
			isa = PBXGroup;
			children = (
				7AB1000000000000000000D2 /* Whitelabel */,
				7AB1000000000000000000D1 /* Products */,
			);
			sourceTree = "<group>";
		};
		7AB1000000000000000000D1 /* Products */ = {
			isa = PBXGroup;
			children = (
				7AB1000000000000000000B0 /* Whitelabel.app */,
			);
			name = Products;
			sourceTree = "<group>";
		};
		7AB1000000000000000000D2 /* Whitelabel */ = {
			isa = PBXGroup;
			children = (
				7AB1000000000000000000B1 /* WhitelabelApp.swift */,
				7AB1000000000000000000B3 /* CheckoutService.swift */,
				7AB1000000000000000000B5 /* Info.plist */,
			);
			path = Whitelabel;
			sourceTree = "<group>";
		};
/* End PBXGroup section */

/* Begin PBXNativeTarget section */
		7AB1000000000000000000F0 /* Whitelabel */ = {
			isa = PBXNativeTarget;
			buildConfigurationList = 7AB1000000000000000000F5 /* Build configuration list for PBXNativeTarget "Whitelabel" */;
			buildPhases = (
				7AB1000000000000000000C1 /* Sources */,
				7AB1000000000000000000C0 /* Frameworks */,
			);
			buildRules = (
			);
			dependencies = (
			);
			name = Whitelabel;
			packageProductDependencies = (
				7AB1000000000000000000E1 /* PostHog */,
			);
			productName = Whitelabel;
			productReference = 7AB1000000000000000000B0 /* Whitelabel.app */;
			productType = "com.apple.product-type.application";
		};
/* End PBXNativeTarget section */

/* Begin PBXProject section */
		7AB1000000000000000000F1 /* Project object */ = {
			isa = PBXProject;
			attributes = {
				BuildIndependentTargetsInParallel = 1;
				LastSwiftUpdateCheck = 1500;
				LastUpgradeCheck = 1500;
				TargetAttributes = {
					7AB1000000000000000000F0 = {
						CreatedOnToolsVersion = 15.0.1;
					};
				};
			};
			buildConfigurationList = 7AB1000000000000000000F4 /* Build configuration list for PBXProject "Whitelabel" */;
			compatibilityVersion = "Xcode 14.0";
			developmentRegion = en;
			hasScannedForEncodings = 0;
			knownRegions = (
				en,
				Base,
			);
			mainGroup = 7AB1000000000000000000D0;
			packageReferences = (
				7AB1000000000000000000E0 /* XCRemoteSwiftPackageReference "posthog-ios" */,
			);
			productRefGroup = 7AB1000000000000000000D1 /* Products */;
			projectDirPath = "";
			projectRoot = "";
			targets = (
				7AB1000000000000000000F0 /* Whitelabel */,
			);
		};
/* End PBXProject section */

/* Begin PBXSourcesBuildPhase section */
		7AB1000000000000000000C1 /* Sources */ = {
			isa = PBXSourcesBuildPhase;
			buildActionMask = 2147483647;
			files = (
				7AB1000000000000000000A1 /* WhitelabelApp.swift in Sources */,
				7AB1000000000000000000A3 /* CheckoutService.swift in Sources */,
			);
			runOnlyForDeploymentPostprocessing = 0;
		};
/* End PBXSourcesBuildPhase section */

/* Begin XCBuildConfiguration section */
		7AB1000000000000000000F2 /* Debug */ = {
			isa = XCBuildConfiguration;
			buildSettings = {
				ALWAYS_SEARCH_USER_PATHS = NO;
				CLANG_ENABLE_MODULES = YES;
				CLANG_ENABLE_OBJC_ARC = YES;
				COPY_PHASE_STRIP = NO;
				DEBUG_INFORMATION_FORMAT = dwarf;
				ENABLE_TESTABILITY = YES;
				ENABLE_USER_SCRIPT_SANDBOXING = YES;
				GCC_OPTIMIZATION_LEVEL = 0;
				IPHONEOS_DEPLOYMENT_TARGET = 16.0;
				MTL_ENABLE_DEBUG_INFO = INCLUDE_SOURCE;
				ONLY_ACTIVE_ARCH = YES;
				SDKROOT = iphoneos;
				SWIFT_ACTIVE_COMPILATION_CONDITIONS = "DEBUG $(inherited)";
				SWIFT_OPTIMIZATION_LEVEL = "-Onone";
			};
			name = Debug;
		};
		7AB1000000000000000000F3 /* Release */ = {
			isa = XCBuildConfiguration;
			buildSettings = {
				ALWAYS_SEARCH_USER_PATHS = NO;
				CLANG_ENABLE_MODULES = YES;
				CLANG_ENABLE_OBJC_ARC = YES;
				COPY_PHASE_STRIP = NO;
				DEBUG_INFORMATION_FORMAT = "dwarf-with-dsym";
				ENABLE_NS_ASSERTIONS = NO;
				ENABLE_USER_SCRIPT_SANDBOXING = YES;
				IPHONEOS_DEPLOYMENT_TARGET = 16.0;
				MTL_ENABLE_DEBUG_INFO = NO;
				SDKROOT = iphoneos;
				SWIFT_COMPILATION_MODE = wholemodule;
				VALIDATE_PRODUCT = YES;
			};
			name = Release;
		};
		7AB1000000000000000000F6 /* Debug */ = {
			isa = XCBuildConfiguration;
			buildSettings = {
				CODE_SIGN_IDENTITY = "";
				CODE_SIGN_STYLE = Automatic;
				CURRENT_PROJECT_VERSION = 1;
				ENABLE_PREVIEWS = YES;
				GENERATE_INFOPLIST_FILE = YES;
				INFOPLIST_FILE = Whitelabel/Info.plist;
				INFOPLIST_KEY_UIApplicationSceneManifest_Generation = YES;
				INFOPLIST_KEY_UIApplicationSupportsIndirectInputEvents = YES;
				INFOPLIST_KEY_UILaunchScreen_Generation = YES;
				INFOPLIST_KEY_UISupportedInterfaceOrientations_iPhone = "UIInterfaceOrientationPortrait";
				IPHONEOS_DEPLOYMENT_TARGET = 16.0;
				LD_RUNPATH_SEARCH_PATHS = (
					"$(inherited)",
					"@executable_path/Frameworks",
				);
				MARKETING_VERSION = 1.0;
				PRODUCT_BUNDLE_IDENTIFIER = com.posthog.whitelabel.core;
				PRODUCT_NAME = "$(TARGET_NAME)";
				SWIFT_VERSION = 5.0;
				TARGETED_DEVICE_FAMILY = "1,2";
			};
			name = Debug;
		};
		7AB1000000000000000000F7 /* Release */ = {
			isa = XCBuildConfiguration;
			buildSettings = {
				CODE_SIGN_IDENTITY = "";
				CODE_SIGN_STYLE = Automatic;
				CURRENT_PROJECT_VERSION = 1;
				ENABLE_PREVIEWS = YES;
				GENERATE_INFOPLIST_FILE = YES;
				INFOPLIST_FILE = Whitelabel/Info.plist;
				INFOPLIST_KEY_UIApplicationSceneManifest_Generation = YES;
				INFOPLIST_KEY_UIApplicationSupportsIndirectInputEvents = YES;
				INFOPLIST_KEY_UILaunchScreen_Generation = YES;
				INFOPLIST_KEY_UISupportedInterfaceOrientations_iPhone = "UIInterfaceOrientationPortrait";
				IPHONEOS_DEPLOYMENT_TARGET = 16.0;
				LD_RUNPATH_SEARCH_PATHS = (
					"$(inherited)",
					"@executable_path/Frameworks",
				);
				MARKETING_VERSION = 1.0;
				PRODUCT_BUNDLE_IDENTIFIER = com.posthog.whitelabel.core;
				PRODUCT_NAME = "$(TARGET_NAME)";
				SWIFT_VERSION = 5.0;
				TARGETED_DEVICE_FAMILY = "1,2";
			};
			name = Release;
		};
/* End XCBuildConfiguration section */

/* Begin XCConfigurationList section */
		7AB1000000000000000000F4 /* Build configuration list for PBXProject "Whitelabel" */ = {
			isa = XCConfigurationList;
			buildConfigurations = (
				7AB1000000000000000000F2 /* Debug */,
				7AB1000000000000000000F3 /* Release */,
			);
			defaultConfigurationIsVisible = 0;
			defaultConfigurationName = Release;
		};
		7AB1000000000000000000F5 /* Build configuration list for PBXNativeTarget "Whitelabel" */ = {
			isa = XCConfigurationList;
			buildConfigurations = (
				7AB1000000000000000000F6 /* Debug */,
				7AB1000000000000000000F7 /* Release */,
			);
			defaultConfigurationIsVisible = 0;
			defaultConfigurationName = Release;
		};
/* End XCConfigurationList section */

/* Begin XCRemoteSwiftPackageReference section */
		7AB1000000000000000000E0 /* XCRemoteSwiftPackageReference "posthog-ios" */ = {
			isa = XCRemoteSwiftPackageReference;
			repositoryURL = "https://github.com/PostHog/posthog-ios.git";
			requirement = {
				kind = upToNextMajorVersion;
				minimumVersion = 3.0.0;
			};
		};
/* End XCRemoteSwiftPackageReference section */

/* Begin XCSwiftPackageProductDependency section */
		7AB1000000000000000000E1 /* PostHog */ = {
			isa = XCSwiftPackageProductDependency;
			package = 7AB1000000000000000000E0 /* XCRemoteSwiftPackageReference "posthog-ios" */;
			productName = PostHog;
		};
/* End XCSwiftPackageProductDependency section */
	};
	rootObject = 7AB1000000000000000000F1 /* Project object */;
}
